
Microsoft Visual Studio Solution File, Format Version 12.00
Project("{FAE04EC0-301F-11D3-BF4B-00C04F79EFBC}") = "FirstApp", "FirstApp\FirstApp.csproj", "{AC21AE4A-D712-48FA-923E-1FE02ACC38B8}"
EndProject
Global
	GlobalSection(SolutionConfigurationPlatforms) = preSolution
		Debug|Any CPU = Debug|Any CPU
		Release|Any CPU = Release|Any CPU
	EndGlobalSection
	GlobalSection(ProjectConfigurationPlatforms) = postSolution
		{AC21AE4A-D712-48FA-923E-1FE02ACC38B8}.Debug|Any CPU.ActiveCfg = Debug|Any CPU
		{AC21AE4A-D712-48FA-923E-1FE02ACC38B8}.Debug|Any CPU.Build.0 = Debug|Any CPU
		{AC21AE4A-D712-48FA-923E-1FE02ACC38B8}.Release|Any CPU.ActiveCfg = Release|Any CPU
		{AC21AE4A-D712-48FA-923E-1FE02ACC38B8}.Release|Any CPU.Build.0 = Release|Any CPU
	EndGlobalSection
EndGlobal
